
Microsoft Visual Studio Solution File, Format Version 12.00
# Visual Studio Version 17
VisualStudioVersion = 17.4.33103.184
MinimumVisualStudioVersion = 10.0.40219.1
Project("{9A19103F-16F7-4668-BE54-9A1E7A4F7556}") = "DarkLink.Web.ActivityPub", "DarkLink.Web.ActivityPub\DarkLink.Web.ActivityPub.csproj", "{0ACB9903-41E7-40B8-A5D7-98E7507751D2}"
EndProject
Project("{9A19103F-16F7-4668-BE54-9A1E7A4F7556}") = "Demo", "Demo\Demo.csproj", "{FCBBF3B2-1C0E-458B-AC35-76AF7683EF6B}"
EndProject
Project("{9A19103F-16F7-4668-BE54-9A1E7A4F7556}") = "DarkLink.Web.ActivityPub.Tests", "DarkLink.Web.ActivityPub.Tests\DarkLink.Web.ActivityPub.Tests.csproj", "{C1DCB4D1-B33B-44C6-A497-FAD67D4CB229}"
EndProject
Project("{9A19103F-16F7-4668-BE54-9A1E7A4F7556}") = "Demo.Server", "Demo.Server\Demo.Server.csproj", "{9FD23377-BA06-4003-A548-391E85E590E1}"
EndProject
Project("{9A19103F-16F7-4668-BE54-9A1E7A4F7556}") = "DarkLink.Web.WebFinger.Shared", "DarkLink.Web.WebFinger.Shared\DarkLink.Web.WebFinger.Shared.csproj", "{7367A689-CCE3-46BE-9F36-DCF81857EEF6}"
EndProject
Project("{9A19103F-16F7-4668-BE54-9A1E7A4F7556}") = "DarkLink.Web.WebFinger.Server", "DarkLink.Web.WebFinger.Server\DarkLink.Web.WebFinger.Server.csproj", "{8304F3D4-51E5-4ED6-90F9-1843555AFF05}"
EndProject
Project("{2150E333-8FDC-42A3-9474-1A3956D46DE8}") = "WebFinger", "WebFinger", "{92C74162-C9DE-4134-963B-508643F27E57}"
EndProject
Project("{9A19103F-16F7-4668-BE54-9A1E7A4F7556}") = "DarkLink.Web.WebFinger.Client", "DarkLink.Web.WebFinger.Client\DarkLink.Web.WebFinger.Client.csproj", "{7C196AFD-2326-4422-B0C8-9630839700A3}"
EndProject
Project("{2150E333-8FDC-42A3-9474-1A3956D46DE8}") = "Util", "Util", "{AAACD007-6163-4339-9C2A-1E0DC6783647}"
EndProject
Project("{9A19103F-16F7-4668-BE54-9A1E7A4F7556}") = "DarkLink.Text.Json.NewtonsoftJsonMapper", "DarkLink.Text.Json.NewtonsoftJsonMapper\DarkLink.Text.Json.NewtonsoftJsonMapper.csproj", "{114B6891-7781-4FF4-87BC-30F85042FD22}"
EndProject
Project("{9A19103F-16F7-4668-BE54-9A1E7A4F7556}") = "DarkLink.Util.JsonLd", "DarkLink.Util.JsonLd\DarkLink.Util.JsonLd.csproj", "{3BB1E464-F08E-4528-B7A7-31A13E151BF9}"
EndProject
Project("{2150E333-8FDC-42A3-9474-1A3956D46DE8}") = "Common", "Common", "{FA2EF804-ADDF-45D3-ADDA-B28670E3CEB9}"
	ProjectSection(SolutionItems) = preProject
		Directory.Build.props = Directory.Build.props
	EndProjectSection
EndProject
Project("{FAE04EC0-301F-11D3-BF4B-00C04F79EFBC}") = "DarkLink.Web.ActivityPub.Server", "DarkLink.Web.ActivityPub.Server\DarkLink.Web.ActivityPub.Server.csproj", "{2DB14492-3B92-4017-A55C-29409D34EF34}"
EndProject
Project("{FAE04EC0-301F-11D3-BF4B-00C04F79EFBC}") = "DarkLink.Web.WebFinger.Server.Extensions.Oidc", "DarkLink.Web.WebFinger.Server.Extensions.Oidc\DarkLink.Web.WebFinger.Server.Extensions.Oidc.csproj", "{E8B1939B-36ED-4FEF-9369-E88866CB9279}"
EndProject
Global
	GlobalSection(SolutionConfigurationPlatforms) = preSolution
		Debug|Any CPU = Debug|Any CPU
		Release|Any CPU = Release|Any CPU
	EndGlobalSection
	GlobalSection(ProjectConfigurationPlatforms) = postSolution
		{0ACB9903-41E7-40B8-A5D7-98E7507751D2}.Debug|Any CPU.ActiveCfg = Debug|Any CPU
		{0ACB9903-41E7-40B8-A5D7-98E7507751D2}.Debug|Any CPU.Build.0 = Debug|Any CPU
		{0ACB9903-41E7-40B8-A5D7-98E7507751D2}.Release|Any CPU.ActiveCfg = Release|Any CPU
		{0ACB9903-41E7-40B8-A5D7-98E7507751D2}.Release|Any CPU.Build.0 = Release|Any CPU
		{FCBBF3B2-1C0E-458B-AC35-76AF7683EF6B}.Debug|Any CPU.ActiveCfg = Debug|Any CPU
		{FCBBF3B2-1C0E-458B-AC35-76AF7683EF6B}.Debug|Any CPU.Build.0 = Debug|Any CPU
		{FCBBF3B2-1C0E-458B-AC35-76AF7683EF6B}.Release|Any CPU.ActiveCfg = Release|Any CPU
		{FCBBF3B2-1C0E-458B-AC35-76AF7683EF6B}.Release|Any CPU.Build.0 = Release|Any CPU
		{C1DCB4D1-B33B-44C6-A497-FAD67D4CB229}.Debug|Any CPU.ActiveCfg = Debug|Any CPU
		{C1DCB4D1-B33B-44C6-A497-FAD67D4CB229}.Debug|Any CPU.Build.0 = Debug|Any CPU
		{C1DCB4D1-B33B-44C6-A497-FAD67D4CB229}.Release|Any CPU.ActiveCfg = Release|Any CPU
		{C1DCB4D1-B33B-44C6-A497-FAD67D4CB229}.Release|Any CPU.Build.0 = Release|Any CPU
		{9FD23377-BA06-4003-A548-391E85E590E1}.Debug|Any CPU.ActiveCfg = Debug|Any CPU
		{9FD23377-BA06-4003-A548-391E85E590E1}.Debug|Any CPU.Build.0 = Debug|Any CPU
		{9FD23377-BA06-4003-A548-391E85E590E1}.Release|Any CPU.ActiveCfg = Release|Any CPU
		{9FD23377-BA06-4003-A548-391E85E590E1}.Release|Any CPU.Build.0 = Release|Any CPU
		{7367A689-CCE3-46BE-9F36-DCF81857EEF6}.Debug|Any CPU.ActiveCfg = Debug|Any CPU
		{7367A689-CCE3-46BE-9F36-DCF81857EEF6}.Debug|Any CPU.Build.0 = Debug|Any CPU
		{7367A689-CCE3-46BE-9F36-DCF81857EEF6}.Release|Any CPU.ActiveCfg = Release|Any CPU
		{7367A689-CCE3-46BE-9F36-DCF81857EEF6}.Release|Any CPU.Build.0 = Release|Any CPU
		{8304F3D4-51E5-4ED6-90F9-1843555AFF05}.Debug|Any CPU.ActiveCfg = Debug|Any CPU
		{8304F3D4-51E5-4ED6-90F9-1843555AFF05}.Debug|Any CPU.Build.0 = Debug|Any CPU
		{8304F3D4-51E5-4ED6-90F9-1843555AFF05}.Release|Any CPU.ActiveCfg = Release|Any CPU
		{8304F3D4-51E5-4ED6-90F9-1843555AFF05}.Release|Any CPU.Build.0 = Release|Any CPU
		{7C196AFD-2326-4422-B0C8-9630839700A3}.Debug|Any CPU.ActiveCfg = Debug|Any CPU
		{7C196AFD-2326-4422-B0C8-9630839700A3}.Debug|Any CPU.Build.0 = Debug|Any CPU
		{7C196AFD-2326-4422-B0C8-9630839700A3}.Release|Any CPU.ActiveCfg = Release|Any CPU
		{7C196AFD-2326-4422-B0C8-9630839700A3}.Release|Any CPU.Build.0 = Release|Any CPU
		{114B6891-7781-4FF4-87BC-30F85042FD22}.Debug|Any CPU.ActiveCfg = Debug|Any CPU
		{114B6891-7781-4FF4-87BC-30F85042FD22}.Debug|Any CPU.Build.0 = Debug|Any CPU
		{114B6891-7781-4FF4-87BC-30F85042FD22}.Release|Any CPU.ActiveCfg = Release|Any CPU
		{114B6891-7781-4FF4-87BC-30F85042FD22}.Release|Any CPU.Build.0 = Release|Any CPU
		{3BB1E464-F08E-4528-B7A7-31A13E151BF9}.Debug|Any CPU.ActiveCfg = Debug|Any CPU
		{3BB1E464-F08E-4528-B7A7-31A13E151BF9}.Debug|Any CPU.Build.0 = Debug|Any CPU
		{3BB1E464-F08E-4528-B7A7-31A13E151BF9}.Release|Any CPU.ActiveCfg = Release|Any CPU
		{3BB1E464-F08E-4528-B7A7-31A13E151BF9}.Release|Any CPU.Build.0 = Release|Any CPU
		{2DB14492-3B92-4017-A55C-29409D34EF34}.Debug|Any CPU.ActiveCfg = Debug|Any CPU
		{2DB14492-3B92-4017-A55C-29409D34EF34}.Debug|Any CPU.Build.0 = Debug|Any CPU
		{2DB14492-3B92-4017-A55C-29409D34EF34}.Release|Any CPU.ActiveCfg = Release|Any CPU
		{2DB14492-3B92-4017-A55C-29409D34EF34}.Release|Any CPU.Build.0 = Release|Any CPU
		{E8B1939B-36ED-4FEF-9369-E88866CB9279}.Debug|Any CPU.ActiveCfg = Debug|Any CPU
		{E8B1939B-36ED-4FEF-9369-E88866CB9279}.Debug|Any CPU.Build.0 = Debug|Any CPU
		{E8B1939B-36ED-4FEF-9369-E88866CB9279}.Release|Any CPU.ActiveCfg = Release|Any CPU
		{E8B1939B-36ED-4FEF-9369-E88866CB9279}.Release|Any CPU.Build.0 = Release|Any CPU
	EndGlobalSection
	GlobalSection(SolutionProperties) = preSolution
		HideSolutionNode = FALSE
	EndGlobalSection
	GlobalSection(NestedProjects) = preSolution
		{7367A689-CCE3-46BE-9F36-DCF81857EEF6} = {92C74162-C9DE-4134-963B-508643F27E57}
		{8304F3D4-51E5-4ED6-90F9-1843555AFF05} = {92C74162-C9DE-4134-963B-508643F27E57}
		{7C196AFD-2326-4422-B0C8-9630839700A3} = {92C74162-C9DE-4134-963B-508643F27E57}
		{114B6891-7781-4FF4-87BC-30F85042FD22} = {AAACD007-6163-4339-9C2A-1E0DC6783647}
		{3BB1E464-F08E-4528-B7A7-31A13E151BF9} = {AAACD007-6163-4339-9C2A-1E0DC6783647}
		{E8B1939B-36ED-4FEF-9369-E88866CB9279} = {92C74162-C9DE-4134-963B-508643F27E57}
	EndGlobalSection
	GlobalSection(ExtensibilityGlobals) = postSolution
		SolutionGuid = {0E97A99A-6977-46EF-BE47-06881E7AC43D}
	EndGlobalSection
EndGlobal
